{
  "name": "BilibiliVideoProject",
  "lockfileVersion": 2,
  "requires": true,
  "packages": {
    "": {
      "dependencies": {
        "jsencrypt": "^3.2.1"
      }
    },
    "node_modules/jsencrypt": {
      "version": "3.2.1",
      "resolved": "https://registry.npmmirror.com/jsencrypt/-/jsencrypt-3.2.1.tgz",
      "integrity": "sha512-k1sD5QV0KPn+D8uG9AdGzTQuamt82QZ3A3l6f7TRwMU6Oi2Vg0BsL+wZIQBONcraO1pc78ExMdvmBBJ8WhNYUA=="
    }
  },
  "dependencies": {
    "jsencrypt": {
      "version": "3.2.1",
      "resolved": "https://registry.npmmirror.com/jsencrypt/-/jsencrypt-3.2.1.tgz",
      "integrity": "sha512-k1sD5QV0KPn+D8uG9AdGzTQuamt82QZ3A3l6f7TRwMU6Oi2Vg0BsL+wZIQBONcraO1pc78ExMdvmBBJ8WhNYUA=="
    }
  }
}
